
Microsoft Visual Studio Solution File, Format Version 12.00
# Visual Studio 15
VisualStudioVersion = 15.0.26730.10
MinimumVisualStudioVersion = 10.0.40219.1
Project("{9A19103F-16F7-4668-BE54-9A1E7A4F7556}") = "LineToS3", "LineToS3\LineToS3.csproj", "{DE3E8A27-2A11-4F30-B7EB-D0B36FE8DFF2}"
EndProject
Project("{9A19103F-16F7-4668-BE54-9A1E7A4F7556}") = "S3ToLine", "S3ToLine\S3ToLine.csproj", "{E6F48403-6A2A-4A60-8392-F6187EDF64F4}"
EndProject
Project("{2150E333-8FDC-42A3-9474-1A3956D46DE8}") = "Solution Items", "Solution Items", "{0DBE2BF6-C6FB-4286-897D-B511FA1CEEA6}"
	ProjectSection(SolutionItems) = preProject
		..\.gitignore = ..\.gitignore
	EndProjectSection
EndProject
Global
	GlobalSection(SolutionConfigurationPlatforms) = preSolution
		Debug|Any CPU = Debug|Any CPU
		Release|Any CPU = Release|Any CPU
	EndGlobalSection
	GlobalSection(ProjectConfigurationPlatforms) = postSolution
		{DE3E8A27-2A11-4F30-B7EB-D0B36FE8DFF2}.Debug|Any CPU.ActiveCfg = Debug|Any CPU
		{DE3E8A27-2A11-4F30-B7EB-D0B36FE8DFF2}.Debug|Any CPU.Build.0 = Debug|Any CPU
		{DE3E8A27-2A11-4F30-B7EB-D0B36FE8DFF2}.Release|Any CPU.ActiveCfg = Release|Any CPU
		{DE3E8A27-2A11-4F30-B7EB-D0B36FE8DFF2}.Release|Any CPU.Build.0 = Release|Any CPU
		{E6F48403-6A2A-4A60-8392-F6187EDF64F4}.Debug|Any CPU.ActiveCfg = Debug|Any CPU
		{E6F48403-6A2A-4A60-8392-F6187EDF64F4}.Debug|Any CPU.Build.0 = Debug|Any CPU
		{E6F48403-6A2A-4A60-8392-F6187EDF64F4}.Release|Any CPU.ActiveCfg = Release|Any CPU
		{E6F48403-6A2A-4A60-8392-F6187EDF64F4}.Release|Any CPU.Build.0 = Release|Any CPU
	EndGlobalSection
	GlobalSection(SolutionProperties) = preSolution
		HideSolutionNode = FALSE
	EndGlobalSection
	GlobalSection(ExtensibilityGlobals) = postSolution
		SolutionGuid = {DE5958C2-2392-4076-99BC-06065F0278EC}
	EndGlobalSection
EndGlobal
